// !$*UTF8*$!
{
	archiveVersion = 1;
	classes = {
	};
	objectVersion = 56;
	objects = {

/* Begin PBXBuildFile section */
		8D09549A2A83625B00DC6D33 /* IncomingCallController.swift in Sources */ = {isa = PBXBuildFile; fileRef = 8D0954992A83625B00DC6D33 /* IncomingCallController.swift */; };
		8D0954C32A836A6300DC6D33 /* IncomingCallHandler.swift in Sources */ = {isa = PBXBuildFile; fileRef = 8D0954C22A836A6300DC6D33 /* IncomingCallHandler.swift */; };
		8D0A6077298BE4A0002EBBC4 /* UserInfoData.swift in Sources */ = {isa = PBXBuildFile; fileRef = 8D0A6076298BE498002EBBC4 /* UserInfoData.swift */; };
		8D2FD7E1299680D10097B59D /* CircleLoader.swift in Sources */ = {isa = PBXBuildFile; fileRef = 8D2FD7E0299680D10097B59D /* CircleLoader.swift */; };
		8D4100C02A694752001473F5 /* ContainerHostingController.swift in Sources */ = {isa = PBXBuildFile; fileRef = 8D4100BF2A694752001473F5 /* ContainerHostingController.swift */; };
		8D4B4F5329FBC41F00B77B60 /* CallKitHelper.swift in Sources */ = {isa = PBXBuildFile; fileRef = 8D4B4F5229FBC41F00B77B60 /* CallKitHelper.swift */; };
		8D5BCDD729B8A97C0009A8B6 /* AcsUserIdToken.swift in Sources */ = {isa = PBXBuildFile; fileRef = 8D5BCDD629B8A97C0009A8B6 /* AcsUserIdToken.swift */; };
		8D99CA2C29A3949300700C78 /* ChatController.swift in Sources */ = {isa = PBXBuildFile; fileRef = 8D99CA2B29A3949200700C78 /* ChatController.swift */; };
		8D99CA2E29A63BE900700C78 /* CitiConstants.swift in Sources */ = {isa = PBXBuildFile; fileRef = 8D99CA2D29A63BE900700C78 /* CitiConstants.swift */; };
		8DA82E982977FFD000A79D3B /* Main.storyboard in Resources */ = {isa = PBXBuildFile; fileRef = 8DA82E972977FFD000A79D3B /* Main.storyboard */; };
		8DA82E9A297803F600A79D3B /* SceneDelegate.swift in Sources */ = {isa = PBXBuildFile; fileRef = 8DA82E99297803F600A79D3B /* SceneDelegate.swift */; };
		8DB11EA92A839FBA00E111CE /* App.xcframework in Frameworks */ = {isa = PBXBuildFile; fileRef = 8DB11EA72A839F9D00E111CE /* App.xcframework */; };
		8DB11EAA2A839FBA00E111CE /* App.xcframework in Embed Frameworks */ = {isa = PBXBuildFile; fileRef = 8DB11EA72A839F9D00E111CE /* App.xcframework */; settings = {ATTRIBUTES = (CodeSignOnCopy, RemoveHeadersOnCopy, ); }; };
		8DB11EAB2A839FC100E111CE /* Flutter.xcframework in Frameworks */ = {isa = PBXBuildFile; fileRef = 8DB11EA82A839F9D00E111CE /* Flutter.xcframework */; };
		8DB11EAC2A839FC100E111CE /* Flutter.xcframework in Embed Frameworks */ = {isa = PBXBuildFile; fileRef = 8DB11EA82A839F9D00E111CE /* Flutter.xcframework */; settings = {ATTRIBUTES = (CodeSignOnCopy, RemoveHeadersOnCopy, ); }; };
		8DC727832A52EC8F00D247A7 /* IncomingCallView.swift in Sources */ = {isa = PBXBuildFile; fileRef = 8DC727822A52EC8F00D247A7 /* IncomingCallView.swift */; };
		8DCFCBA02A57FAF800F1D293 /* DashboardViewController.swift in Sources */ = {isa = PBXBuildFile; fileRef = 8DCFCB9F2A57FAF800F1D293 /* DashboardViewController.swift */; };
		8DCFCBA62A57FB4400F1D293 /* SearchViewController.swift in Sources */ = {isa = PBXBuildFile; fileRef = 8DCFCBA12A57FB4300F1D293 /* SearchViewController.swift */; };
		8DCFCBA72A57FB4400F1D293 /* ProfileViewController.swift in Sources */ = {isa = PBXBuildFile; fileRef = 8DCFCBA22A57FB4300F1D293 /* ProfileViewController.swift */; };
		8DCFCBA82A57FB4400F1D293 /* LoginViewModel.swift in Sources */ = {isa = PBXBuildFile; fileRef = 8DCFCBA32A57FB4300F1D293 /* LoginViewModel.swift */; };
		8DCFCBAA2A57FB4400F1D293 /* HomeViewController.swift in Sources */ = {isa = PBXBuildFile; fileRef = 8DCFCBA52A57FB4400F1D293 /* HomeViewController.swift */; };
		8DCFCBAC2A57FB6500F1D293 /* DashViewController.swift in Sources */ = {isa = PBXBuildFile; fileRef = 8DCFCBAB2A57FB6500F1D293 /* DashViewController.swift */; };
		8DCFCBAF2A58311E00F1D293 /* ScreenSharingController.swift in Sources */ = {isa = PBXBuildFile; fileRef = 8DCFCBAE2A58311E00F1D293 /* ScreenSharingController.swift */; };
		8DE0D519297FB44E00201043 /* AppSettings.swift in Sources */ = {isa = PBXBuildFile; fileRef = 8DE0D518297FB44E00201043 /* AppSettings.swift */; };
		8DF021A62A8F43B700CDB5C6 /* WindowsAzureMessaging.framework in Frameworks */ = {isa = PBXBuildFile; fileRef = 8DF0219E2A8F43B700CDB5C6 /* WindowsAzureMessaging.framework */; };
		8DF021AE2A8F43C400CDB5C6 /* AzureCommunicationCalling.xcframework in Frameworks */ = {isa = PBXBuildFile; fileRef = 8DF0219F2A8F43B700CDB5C6 /* AzureCommunicationCalling.xcframework */; };
		8DF021AF2A8F43C400CDB5C6 /* AzureCommunicationCalling.xcframework in Embed Frameworks */ = {isa = PBXBuildFile; fileRef = 8DF0219F2A8F43B700CDB5C6 /* AzureCommunicationCalling.xcframework */; settings = {ATTRIBUTES = (CodeSignOnCopy, RemoveHeadersOnCopy, ); }; };
		8DF021B02A8F43C600CDB5C6 /* AzureCommunicationCommon.framework in Frameworks */ = {isa = PBXBuildFile; fileRef = 8DF021A32A8F43B700CDB5C6 /* AzureCommunicationCommon.framework */; };
		8DF021B12A8F43C600CDB5C6 /* AzureCommunicationCommon.framework in Embed Frameworks */ = {isa = PBXBuildFile; fileRef = 8DF021A32A8F43B700CDB5C6 /* AzureCommunicationCommon.framework */; settings = {ATTRIBUTES = (CodeSignOnCopy, RemoveHeadersOnCopy, ); }; };
		8DF021B22A8F43C700CDB5C6 /* AzureCommunicationUICalling.framework in Frameworks */ = {isa = PBXBuildFile; fileRef = 8DF021A02A8F43B700CDB5C6 /* AzureCommunicationUICalling.framework */; };
		8DF021B32A8F43C700CDB5C6 /* AzureCommunicationUICalling.framework in Embed Frameworks */ = {isa = PBXBuildFile; fileRef = 8DF021A02A8F43B700CDB5C6 /* AzureCommunicationUICalling.framework */; settings = {ATTRIBUTES = (CodeSignOnCopy, RemoveHeadersOnCopy, ); }; };
		8DF021B42A8F43C900CDB5C6 /* AzureCommunicationUIChat.framework in Frameworks */ = {isa = PBXBuildFile; fileRef = 8DF021A22A8F43B700CDB5C6 /* AzureCommunicationUIChat.framework */; };
		8DF021B52A8F43C900CDB5C6 /* AzureCommunicationUIChat.framework in Embed Frameworks */ = {isa = PBXBuildFile; fileRef = 8DF021A22A8F43B700CDB5C6 /* AzureCommunicationUIChat.framework */; settings = {ATTRIBUTES = (CodeSignOnCopy, RemoveHeadersOnCopy, ); }; };
		8DF021B62A8F43CB00CDB5C6 /* AzureCore.framework in Frameworks */ = {isa = PBXBuildFile; fileRef = 8DF021A52A8F43B700CDB5C6 /* AzureCore.framework */; };
		8DF021B72A8F43CB00CDB5C6 /* AzureCore.framework in Embed Frameworks */ = {isa = PBXBuildFile; fileRef = 8DF021A52A8F43B700CDB5C6 /* AzureCore.framework */; settings = {ATTRIBUTES = (CodeSignOnCopy, RemoveHeadersOnCopy, ); }; };
		8DF021B82A8F43CF00CDB5C6 /* MSAL.xcframework in Frameworks */ = {isa = PBXBuildFile; fileRef = 8DF021A12A8F43B700CDB5C6 /* MSAL.xcframework */; };
		8DF021B92A8F43CF00CDB5C6 /* MSAL.xcframework in Embed Frameworks */ = {isa = PBXBuildFile; fileRef = 8DF021A12A8F43B700CDB5C6 /* MSAL.xcframework */; settings = {ATTRIBUTES = (CodeSignOnCopy, RemoveHeadersOnCopy, ); }; };
		8DF021BA2A8F43D200CDB5C6 /* PIPKit.framework in Frameworks */ = {isa = PBXBuildFile; fileRef = 8DF021A42A8F43B700CDB5C6 /* PIPKit.framework */; };
		8DF021BB2A8F43D200CDB5C6 /* PIPKit.framework in Embed Frameworks */ = {isa = PBXBuildFile; fileRef = 8DF021A42A8F43B700CDB5C6 /* PIPKit.framework */; settings = {ATTRIBUTES = (CodeSignOnCopy, RemoveHeadersOnCopy, ); }; };
		8DF021C62A8F444900CDB5C6 /* libFluentUI.a in Frameworks */ = {isa = PBXBuildFile; fileRef = 8DF021C52A8F443E00CDB5C6 /* libFluentUI.a */; };
		8DF021C92A8F500E00CDB5C6 /* Trouter.xcframework in Frameworks */ = {isa = PBXBuildFile; fileRef = 8DF021C72A8F500700CDB5C6 /* Trouter.xcframework */; };
		8DF021CA2A8F500E00CDB5C6 /* Trouter.xcframework in Embed Frameworks */ = {isa = PBXBuildFile; fileRef = 8DF021C72A8F500700CDB5C6 /* Trouter.xcframework */; settings = {ATTRIBUTES = (CodeSignOnCopy, RemoveHeadersOnCopy, ); }; };
		8DFBD2CE29756DD6006B0700 /* AppDelegate.swift in Sources */ = {isa = PBXBuildFile; fileRef = 8DFBD2CD29756DD6006B0700 /* AppDelegate.swift */; };
		8DFBD2D229756DD6006B0700 /* ViewController.swift in Sources */ = {isa = PBXBuildFile; fileRef = 8DFBD2D129756DD6006B0700 /* ViewController.swift */; };
		8DFBD2D729756DD8006B0700 /* Assets.xcassets in Resources */ = {isa = PBXBuildFile; fileRef = 8DFBD2D629756DD8006B0700 /* Assets.xcassets */; };
		8DFBD32429757878006B0700 /* AADAuthHandler.swift in Sources */ = {isa = PBXBuildFile; fileRef = 8DFBD32329757878006B0700 /* AADAuthHandler.swift */; };
		8DFBD32629757880006B0700 /* UserDetails.swift in Sources */ = {isa = PBXBuildFile; fileRef = 8DFBD32529757880006B0700 /* UserDetails.swift */; };
		8DFBD3282975788B006B0700 /* TokenService.swift in Sources */ = {isa = PBXBuildFile; fileRef = 8DFBD3272975788B006B0700 /* TokenService.swift */; };
		8DFBD32A297578B3006B0700 /* CallingContext.swift in Sources */ = {isa = PBXBuildFile; fileRef = 8DFBD329297578B3006B0700 /* CallingContext.swift */; };
		8DFBD32C297578B9006B0700 /* JoinCallConfig.swift in Sources */ = {isa = PBXBuildFile; fileRef = 8DFBD32B297578B9006B0700 /* JoinCallConfig.swift */; };
		8DFBD32E297578C0006B0700 /* JoinCallType.swift in Sources */ = {isa = PBXBuildFile; fileRef = 8DFBD32D297578C0006B0700 /* JoinCallType.swift */; };
		8DFBD330297578C8006B0700 /* LinkMetadataManager.swift in Sources */ = {isa = PBXBuildFile; fileRef = 8DFBD32F297578C8006B0700 /* LinkMetadataManager.swift */; };
		8DFBD332297578D3006B0700 /* IntroViewController.swift in Sources */ = {isa = PBXBuildFile; fileRef = 8DFBD331297578D3006B0700 /* IntroViewController.swift */; };
		8DFBD334297578DA006B0700 /* InviteViewController.swift in Sources */ = {isa = PBXBuildFile; fileRef = 8DFBD333297578DA006B0700 /* InviteViewController.swift */; };
		8DFBD336297578E0006B0700 /* JoinCallViewController.swift in Sources */ = {isa = PBXBuildFile; fileRef = 8DFBD335297578E0006B0700 /* JoinCallViewController.swift */; };
		8DFBD338297578E6006B0700 /* StartCallViewController.swift in Sources */ = {isa = PBXBuildFile; fileRef = 8DFBD337297578E6006B0700 /* StartCallViewController.swift */; };
		8DFBD33A297578F0006B0700 /* BusyOverlay.swift in Sources */ = {isa = PBXBuildFile; fileRef = 8DFBD339297578F0006B0700 /* BusyOverlay.swift */; };
		8DFBD33C297578F5006B0700 /* IconTextField.swift in Sources */ = {isa = PBXBuildFile; fileRef = 8DFBD33B297578F5006B0700 /* IconTextField.swift */; };
		8DFBD33E29757913006B0700 /* Data+Extensions.swift in Sources */ = {isa = PBXBuildFile; fileRef = 8DFBD33D29757913006B0700 /* Data+Extensions.swift */; };
		8DFBD34029757918006B0700 /* FluentUiExtensions.swift in Sources */ = {isa = PBXBuildFile; fileRef = 8DFBD33F29757918006B0700 /* FluentUiExtensions.swift */; };
		8DFBD3422975791C006B0700 /* LayoutHelpers.swift in Sources */ = {isa = PBXBuildFile; fileRef = 8DFBD3412975791C006B0700 /* LayoutHelpers.swift */; };
		8DFBD34429757924006B0700 /* PaddingContainer.swift in Sources */ = {isa = PBXBuildFile; fileRef = 8DFBD34329757924006B0700 /* PaddingContainer.swift */; };
		8DFBD34629757929006B0700 /* ThemeColor.swift in Sources */ = {isa = PBXBuildFile; fileRef = 8DFBD34529757929006B0700 /* ThemeColor.swift */; };
/* End PBXBuildFile section */

/* Begin PBXContainerItemProxy section */
		8DF021C22A8F443E00CDB5C6 /* PBXContainerItemProxy */ = {
			isa = PBXContainerItemProxy;
			containerPortal = 8DF021BD2A8F443D00CDB5C6 /* FluentUI.xcodeproj */;
			proxyType = 2;
			remoteGlobalIDString = A5DA88FC226FAA01000A8EA8;
			remoteInfo = FluentUIResources;
		};
		8DF021C42A8F443E00CDB5C6 /* PBXContainerItemProxy */ = {
			isa = PBXContainerItemProxy;
			containerPortal = 8DF021BD2A8F443D00CDB5C6 /* FluentUI.xcodeproj */;
			proxyType = 2;
			remoteGlobalIDString = 8FD01166228A820600D25925;
			remoteInfo = FluentUILib;
		};
/* End PBXContainerItemProxy section */

/* Begin PBXCopyFilesBuildPhase section */
		AEC984292979B3BE0071A49D /* Embed Frameworks */ = {
			isa = PBXCopyFilesBuildPhase;
			buildActionMask = 2147483647;
			dstPath = "";
			dstSubfolderSpec = 10;
			files = (
				8DF021B12A8F43C600CDB5C6 /* AzureCommunicationCommon.framework in Embed Frameworks */,
				8DB11EAC2A839FC100E111CE /* Flutter.xcframework in Embed Frameworks */,
				8DF021B72A8F43CB00CDB5C6 /* AzureCore.framework in Embed Frameworks */,
				8DF021BB2A8F43D200CDB5C6 /* PIPKit.framework in Embed Frameworks */,
				8DF021B32A8F43C700CDB5C6 /* AzureCommunicationUICalling.framework in Embed Frameworks */,
				8DF021B92A8F43CF00CDB5C6 /* MSAL.xcframework in Embed Frameworks */,
				8DB11EAA2A839FBA00E111CE /* App.xcframework in Embed Frameworks */,
				8DF021CA2A8F500E00CDB5C6 /* Trouter.xcframework in Embed Frameworks */,
				8DF021AF2A8F43C400CDB5C6 /* AzureCommunicationCalling.xcframework in Embed Frameworks */,
				8DF021B52A8F43C900CDB5C6 /* AzureCommunicationUIChat.framework in Embed Frameworks */,
			);
			name = "Embed Frameworks";
			runOnlyForDeploymentPostprocessing = 0;
		};
/* End PBXCopyFilesBuildPhase section */

/* Begin PBXFileReference section */
		8D0954992A83625B00DC6D33 /* IncomingCallController.swift */ = {isa = PBXFileReference; fileEncoding = 4; lastKnownFileType = sourcecode.swift; path = IncomingCallController.swift; sourceTree = "<group>"; };
		8D0954C22A836A6300DC6D33 /* IncomingCallHandler.swift */ = {isa = PBXFileReference; lastKnownFileType = sourcecode.swift; path = IncomingCallHandler.swift; sourceTree = "<group>"; };
		8D0A6076298BE498002EBBC4 /* UserInfoData.swift */ = {isa = PBXFileReference; lastKnownFileType = sourcecode.swift; path = UserInfoData.swift; sourceTree = "<group>"; };
		8D2FD7E0299680D10097B59D /* CircleLoader.swift */ = {isa = PBXFileReference; fileEncoding = 4; lastKnownFileType = sourcecode.swift; path = CircleLoader.swift; sourceTree = "<group>"; };
		8D4100BF2A694752001473F5 /* ContainerHostingController.swift */ = {isa = PBXFileReference; lastKnownFileType = sourcecode.swift; path = ContainerHostingController.swift; sourceTree = "<group>"; };
		8D4B4F5229FBC41F00B77B60 /* CallKitHelper.swift */ = {isa = PBXFileReference; fileEncoding = 4; lastKnownFileType = sourcecode.swift; path = CallKitHelper.swift; sourceTree = "<group>"; };
		8D5BCDD629B8A97C0009A8B6 /* AcsUserIdToken.swift */ = {isa = PBXFileReference; fileEncoding = 4; lastKnownFileType = sourcecode.swift; path = AcsUserIdToken.swift; sourceTree = "<group>"; };
		8D99CA2B29A3949200700C78 /* ChatController.swift */ = {isa = PBXFileReference; lastKnownFileType = sourcecode.swift; path = ChatController.swift; sourceTree = "<group>"; };
		8D99CA2D29A63BE900700C78 /* CitiConstants.swift */ = {isa = PBXFileReference; fileEncoding = 4; lastKnownFileType = sourcecode.swift; path = CitiConstants.swift; sourceTree = "<group>"; };
		8DA82E972977FFD000A79D3B /* Main.storyboard */ = {isa = PBXFileReference; fileEncoding = 4; lastKnownFileType = file.storyboard; path = Main.storyboard; sourceTree = "<group>"; };
		8DA82E99297803F600A79D3B /* SceneDelegate.swift */ = {isa = PBXFileReference; fileEncoding = 4; lastKnownFileType = sourcecode.swift; path = SceneDelegate.swift; sourceTree = "<group>"; };
		8DB11EA72A839F9D00E111CE /* App.xcframework */ = {isa = PBXFileReference; lastKnownFileType = wrapper.xcframework; name = App.xcframework; path = Flutter/App.xcframework; sourceTree = "<group>"; };
		8DB11EA82A839F9D00E111CE /* Flutter.xcframework */ = {isa = PBXFileReference; lastKnownFileType = wrapper.xcframework; name = Flutter.xcframework; path = Flutter/Flutter.xcframework; sourceTree = "<group>"; };
		8DC727822A52EC8F00D247A7 /* IncomingCallView.swift */ = {isa = PBXFileReference; lastKnownFileType = sourcecode.swift; path = IncomingCallView.swift; sourceTree = "<group>"; };
		8DCFCB9F2A57FAF800F1D293 /* DashboardViewController.swift */ = {isa = PBXFileReference; fileEncoding = 4; lastKnownFileType = sourcecode.swift; path = DashboardViewController.swift; sourceTree = "<group>"; };
		8DCFCBA12A57FB4300F1D293 /* SearchViewController.swift */ = {isa = PBXFileReference; fileEncoding = 4; lastKnownFileType = sourcecode.swift; path = SearchViewController.swift; sourceTree = "<group>"; };
		8DCFCBA22A57FB4300F1D293 /* ProfileViewController.swift */ = {isa = PBXFileReference; fileEncoding = 4; lastKnownFileType = sourcecode.swift; path = ProfileViewController.swift; sourceTree = "<group>"; };
		8DCFCBA32A57FB4300F1D293 /* LoginViewModel.swift */ = {isa = PBXFileReference; fileEncoding = 4; lastKnownFileType = sourcecode.swift; path = LoginViewModel.swift; sourceTree = "<group>"; };
		8DCFCBA52A57FB4400F1D293 /* HomeViewController.swift */ = {isa = PBXFileReference; fileEncoding = 4; lastKnownFileType = sourcecode.swift; path = HomeViewController.swift; sourceTree = "<group>"; };
		8DCFCBAB2A57FB6500F1D293 /* DashViewController.swift */ = {isa = PBXFileReference; fileEncoding = 4; lastKnownFileType = sourcecode.swift; path = DashViewController.swift; sourceTree = "<group>"; };
		8DCFCBAE2A58311E00F1D293 /* ScreenSharingController.swift */ = {isa = PBXFileReference; lastKnownFileType = sourcecode.swift; path = ScreenSharingController.swift; sourceTree = "<group>"; };
		8DE0D518297FB44E00201043 /* AppSettings.swift */ = {isa = PBXFileReference; fileEncoding = 4; lastKnownFileType = sourcecode.swift; path = AppSettings.swift; sourceTree = "<group>"; };
		8DE0D53029804FA200201043 /* CitiApps.entitlements */ = {isa = PBXFileReference; lastKnownFileType = text.plist.entitlements; path = CitiApps.entitlements; sourceTree = "<group>"; };
		8DF0219E2A8F43B700CDB5C6 /* WindowsAzureMessaging.framework */ = {isa = PBXFileReference; lastKnownFileType = wrapper.framework; name = WindowsAzureMessaging.framework; path = AzureFramework/WindowsAzureMessaging.framework; sourceTree = "<group>"; };
		8DF0219F2A8F43B700CDB5C6 /* AzureCommunicationCalling.xcframework */ = {isa = PBXFileReference; lastKnownFileType = wrapper.xcframework; name = AzureCommunicationCalling.xcframework; path = AzureFramework/AzureCommunicationCalling.xcframework; sourceTree = "<group>"; };
		8DF021A02A8F43B700CDB5C6 /* AzureCommunicationUICalling.framework */ = {isa = PBXFileReference; lastKnownFileType = wrapper.framework; name = AzureCommunicationUICalling.framework; path = AzureFramework/AzureCommunicationUICalling.framework; sourceTree = "<group>"; };
		8DF021A12A8F43B700CDB5C6 /* MSAL.xcframework */ = {isa = PBXFileReference; lastKnownFileType = wrapper.xcframework; name = MSAL.xcframework; path = AzureFramework/MSAL.xcframework; sourceTree = "<group>"; };
		8DF021A22A8F43B700CDB5C6 /* AzureCommunicationUIChat.framework */ = {isa = PBXFileReference; lastKnownFileType = wrapper.framework; name = AzureCommunicationUIChat.framework; path = AzureFramework/AzureCommunicationUIChat.framework; sourceTree = "<group>"; };
		8DF021A32A8F43B700CDB5C6 /* AzureCommunicationCommon.framework */ = {isa = PBXFileReference; lastKnownFileType = wrapper.framework; name = AzureCommunicationCommon.framework; path = AzureFramework/AzureCommunicationCommon.framework; sourceTree = "<group>"; };
		8DF021A42A8F43B700CDB5C6 /* PIPKit.framework */ = {isa = PBXFileReference; lastKnownFileType = wrapper.framework; name = PIPKit.framework; path = AzureFramework/PIPKit.framework; sourceTree = "<group>"; };
		8DF021A52A8F43B700CDB5C6 /* AzureCore.framework */ = {isa = PBXFileReference; lastKnownFileType = wrapper.framework; name = AzureCore.framework; path = AzureFramework/AzureCore.framework; sourceTree = "<group>"; };
		8DF021BD2A8F443D00CDB5C6 /* FluentUI.xcodeproj */ = {isa = PBXFileReference; lastKnownFileType = "wrapper.pb-project"; name = FluentUI.xcodeproj; path = "SDK/fluentui-apple-0.3.9_main_0.3/ios/FluentUI.xcodeproj"; sourceTree = SOURCE_ROOT; };
		8DF021C72A8F500700CDB5C6 /* Trouter.xcframework */ = {isa = PBXFileReference; lastKnownFileType = wrapper.xcframework; name = Trouter.xcframework; path = AzureFramework/Trouter.xcframework; sourceTree = "<group>"; };
		8DFBD2CA29756DD6006B0700 /* CitiApps.app */ = {isa = PBXFileReference; explicitFileType = wrapper.application; includeInIndex = 0; path = CitiApps.app; sourceTree = BUILT_PRODUCTS_DIR; };
		8DFBD2CD29756DD6006B0700 /* AppDelegate.swift */ = {isa = PBXFileReference; lastKnownFileType = sourcecode.swift; path = AppDelegate.swift; sourceTree = "<group>"; };
		8DFBD2D129756DD6006B0700 /* ViewController.swift */ = {isa = PBXFileReference; lastKnownFileType = sourcecode.swift; path = ViewController.swift; sourceTree = "<group>"; };
		8DFBD2D629756DD8006B0700 /* Assets.xcassets */ = {isa = PBXFileReference; lastKnownFileType = folder.assetcatalog; path = Assets.xcassets; sourceTree = "<group>"; };
		8DFBD2DB29756DD8006B0700 /* Info.plist */ = {isa = PBXFileReference; lastKnownFileType = text.plist.xml; path = Info.plist; sourceTree = "<group>"; };
		8DFBD32329757878006B0700 /* AADAuthHandler.swift */ = {isa = PBXFileReference; fileEncoding = 4; lastKnownFileType = sourcecode.swift; path = AADAuthHandler.swift; sourceTree = "<group>"; };
		8DFBD32529757880006B0700 /* UserDetails.swift */ = {isa = PBXFileReference; fileEncoding = 4; lastKnownFileType = sourcecode.swift; path = UserDetails.swift; sourceTree = "<group>"; };
		8DFBD3272975788B006B0700 /* TokenService.swift */ = {isa = PBXFileReference; fileEncoding = 4; lastKnownFileType = sourcecode.swift; path = TokenService.swift; sourceTree = "<group>"; };
		8DFBD329297578B3006B0700 /* CallingContext.swift */ = {isa = PBXFileReference; fileEncoding = 4; lastKnownFileType = sourcecode.swift; path = CallingContext.swift; sourceTree = "<group>"; };
		8DFBD32B297578B9006B0700 /* JoinCallConfig.swift */ = {isa = PBXFileReference; fileEncoding = 4; lastKnownFileType = sourcecode.swift; path = JoinCallConfig.swift; sourceTree = "<group>"; };
		8DFBD32D297578C0006B0700 /* JoinCallType.swift */ = {isa = PBXFileReference; fileEncoding = 4; lastKnownFileType = sourcecode.swift; path = JoinCallType.swift; sourceTree = "<group>"; };
		8DFBD32F297578C8006B0700 /* LinkMetadataManager.swift */ = {isa = PBXFileReference; fileEncoding = 4; lastKnownFileType = sourcecode.swift; path = LinkMetadataManager.swift; sourceTree = "<group>"; };
		8DFBD331297578D3006B0700 /* IntroViewController.swift */ = {isa = PBXFileReference; fileEncoding = 4; lastKnownFileType = sourcecode.swift; path = IntroViewController.swift; sourceTree = "<group>"; };
		8DFBD333297578DA006B0700 /* InviteViewController.swift */ = {isa = PBXFileReference; fileEncoding = 4; lastKnownFileType = sourcecode.swift; path = InviteViewController.swift; sourceTree = "<group>"; };
		8DFBD335297578E0006B0700 /* JoinCallViewController.swift */ = {isa = PBXFileReference; fileEncoding = 4; lastKnownFileType = sourcecode.swift; path = JoinCallViewController.swift; sourceTree = "<group>"; };
		8DFBD337297578E6006B0700 /* StartCallViewController.swift */ = {isa = PBXFileReference; fileEncoding = 4; lastKnownFileType = sourcecode.swift; path = StartCallViewController.swift; sourceTree = "<group>"; };
		8DFBD339297578F0006B0700 /* BusyOverlay.swift */ = {isa = PBXFileReference; fileEncoding = 4; lastKnownFileType = sourcecode.swift; path = BusyOverlay.swift; sourceTree = "<group>"; };
		8DFBD33B297578F5006B0700 /* IconTextField.swift */ = {isa = PBXFileReference; fileEncoding = 4; lastKnownFileType = sourcecode.swift; path = IconTextField.swift; sourceTree = "<group>"; };
		8DFBD33D29757913006B0700 /* Data+Extensions.swift */ = {isa = PBXFileReference; fileEncoding = 4; lastKnownFileType = sourcecode.swift; path = "Data+Extensions.swift"; sourceTree = "<group>"; };
		8DFBD33F29757918006B0700 /* FluentUiExtensions.swift */ = {isa = PBXFileReference; fileEncoding = 4; lastKnownFileType = sourcecode.swift; path = FluentUiExtensions.swift; sourceTree = "<group>"; };
		8DFBD3412975791C006B0700 /* LayoutHelpers.swift */ = {isa = PBXFileReference; fileEncoding = 4; lastKnownFileType = sourcecode.swift; path = LayoutHelpers.swift; sourceTree = "<group>"; };
		8DFBD34329757924006B0700 /* PaddingContainer.swift */ = {isa = PBXFileReference; fileEncoding = 4; lastKnownFileType = sourcecode.swift; path = PaddingContainer.swift; sourceTree = "<group>"; };
		8DFBD34529757929006B0700 /* ThemeColor.swift */ = {isa = PBXFileReference; fileEncoding = 4; lastKnownFileType = sourcecode.swift; path = ThemeColor.swift; sourceTree = "<group>"; };
		8DFBD34729757A39006B0700 /* AppSettings.xcconfig */ = {isa = PBXFileReference; lastKnownFileType = text.xcconfig; path = AppSettings.xcconfig; sourceTree = "<group>"; };
/* End PBXFileReference section */

/* Begin PBXFrameworksBuildPhase section */
		8DFBD2C729756DD6006B0700 /* Frameworks */ = {
			isa = PBXFrameworksBuildPhase;
			buildActionMask = 2147483647;
			files = (
				8DF021B22A8F43C700CDB5C6 /* AzureCommunicationUICalling.framework in Frameworks */,
				8DF021B02A8F43C600CDB5C6 /* AzureCommunicationCommon.framework in Frameworks */,
				8DF021B82A8F43CF00CDB5C6 /* MSAL.xcframework in Frameworks */,
				8DF021C92A8F500E00CDB5C6 /* Trouter.xcframework in Frameworks */,
				8DB11EAB2A839FC100E111CE /* Flutter.xcframework in Frameworks */,
				8DF021C62A8F444900CDB5C6 /* libFluentUI.a in Frameworks */,
				8DB11EA92A839FBA00E111CE /* App.xcframework in Frameworks */,
				8DF021AE2A8F43C400CDB5C6 /* AzureCommunicationCalling.xcframework in Frameworks */,
				8DF021B62A8F43CB00CDB5C6 /* AzureCore.framework in Frameworks */,
				8DF021BA2A8F43D200CDB5C6 /* PIPKit.framework in Frameworks */,
				8DF021A62A8F43B700CDB5C6 /* WindowsAzureMessaging.framework in Frameworks */,
				8DF021B42A8F43C900CDB5C6 /* AzureCommunicationUIChat.framework in Frameworks */,
			);
			runOnlyForDeploymentPostprocessing = 0;
		};
/* End PBXFrameworksBuildPhase section */

/* Begin PBXGroup section */
		8D0954942A8217DA00DC6D33 /* views */ = {
			isa = PBXGroup;
			children = (
				8DC727822A52EC8F00D247A7 /* IncomingCallView.swift */,
			);
			path = views;
			sourceTree = "<group>";
		};
		8D0954952A8219F100DC6D33 /* models */ = {
			isa = PBXGroup;
			children = (
			);
			path = models;
			sourceTree = "<group>";
		};
		8D0954962A8219FE00DC6D33 /* controllers */ = {
			isa = PBXGroup;
			children = (
				8DCFCBAE2A58311E00F1D293 /* ScreenSharingController.swift */,
				8D0954992A83625B00DC6D33 /* IncomingCallController.swift */,
				8D0954C22A836A6300DC6D33 /* IncomingCallHandler.swift */,
			);
			path = controllers;
			sourceTree = "<group>";
		};
		8D0954972A821EF000DC6D33 /* AzureCalling */ = {
			isa = PBXGroup;
			children = (
				8D4B4F4D29FBBF8D00B77B60 /* AzureIncomingCalling */,
				8DFBD331297578D3006B0700 /* IntroViewController.swift */,
				8DFBD333297578DA006B0700 /* InviteViewController.swift */,
				8DFBD335297578E0006B0700 /* JoinCallViewController.swift */,
				8DFBD337297578E6006B0700 /* StartCallViewController.swift */,
			);
			path = AzureCalling;
			sourceTree = "<group>";
		};
		8D0954982A82207000DC6D33 /* Utils */ = {
			isa = PBXGroup;
			children = (
				8D4100BF2A694752001473F5 /* ContainerHostingController.swift */,
				8DFBD339297578F0006B0700 /* BusyOverlay.swift */,
				8DFBD32F297578C8006B0700 /* LinkMetadataManager.swift */,
				8DFBD32329757878006B0700 /* AADAuthHandler.swift */,
				8DFBD33D29757913006B0700 /* Data+Extensions.swift */,
				8DFBD33F29757918006B0700 /* FluentUiExtensions.swift */,
				8DFBD34529757929006B0700 /* ThemeColor.swift */,
				8DFBD34329757924006B0700 /* PaddingContainer.swift */,
				8DFBD3412975791C006B0700 /* LayoutHelpers.swift */,
				8DFBD32529757880006B0700 /* UserDetails.swift */,
				8DFBD33B297578F5006B0700 /* IconTextField.swift */,
			);
			path = Utils;
			sourceTree = "<group>";
		};
		8D09549B2A83628200DC6D33 /* Models */ = {
			isa = PBXGroup;
			children = (
			);
			path = Models;
			sourceTree = "<group>";
		};
		8D09549C2A83629800DC6D33 /* AzureChat */ = {
			isa = PBXGroup;
			children = (
				8D99CA2B29A3949200700C78 /* ChatController.swift */,
			);
			path = AzureChat;
			sourceTree = "<group>";
		};
		8D0954C12A836A2000DC6D33 /* helpers */ = {
			isa = PBXGroup;
			children = (
				8D4B4F5229FBC41F00B77B60 /* CallKitHelper.swift */,
				8DFBD32B297578B9006B0700 /* JoinCallConfig.swift */,
				8DFBD32D297578C0006B0700 /* JoinCallType.swift */,
				8DFBD329297578B3006B0700 /* CallingContext.swift */,
				8DFBD3272975788B006B0700 /* TokenService.swift */,
			);
			path = helpers;
			sourceTree = "<group>";
		};
		8D4B4F4D29FBBF8D00B77B60 /* AzureIncomingCalling */ = {
			isa = PBXGroup;
			children = (
				8D0954C12A836A2000DC6D33 /* helpers */,
				8D0954962A8219FE00DC6D33 /* controllers */,
				8D0954952A8219F100DC6D33 /* models */,
				8D0954942A8217DA00DC6D33 /* views */,
			);
			path = AzureIncomingCalling;
			sourceTree = "<group>";
		};
		8DCFCB9D2A57F9B400F1D293 /* Utils */ = {
			isa = PBXGroup;
			children = (
				8D0A6076298BE498002EBBC4 /* UserInfoData.swift */,
				8DE0D518297FB44E00201043 /* AppSettings.swift */,
				8D2FD7E0299680D10097B59D /* CircleLoader.swift */,
				8D99CA2D29A63BE900700C78 /* CitiConstants.swift */,
			);
			path = Utils;
			sourceTree = "<group>";
		};
		8DCFCB9E2A57F9E700F1D293 /* ACSData */ = {
			isa = PBXGroup;
			children = (
				8D5BCDD629B8A97C0009A8B6 /* AcsUserIdToken.swift */,
			);
			path = ACSData;
			sourceTree = "<group>";
		};
		8DCFCBAD2A57FDEF00F1D293 /* ViewControllers */ = {
			isa = PBXGroup;
			children = (
				8DFBD2D129756DD6006B0700 /* ViewController.swift */,
				8DCFCBAB2A57FB6500F1D293 /* DashViewController.swift */,
				8DCFCBA52A57FB4400F1D293 /* HomeViewController.swift */,
				8DCFCBA32A57FB4300F1D293 /* LoginViewModel.swift */,
				8DCFCBA22A57FB4300F1D293 /* ProfileViewController.swift */,
				8DCFCBA12A57FB4300F1D293 /* SearchViewController.swift */,
				8DCFCB9F2A57FAF800F1D293 /* DashboardViewController.swift */,
			);
			path = ViewControllers;
			sourceTree = "<group>";
		};
		8DF021BC2A8F442800CDB5C6 /* FluentUI */ = {
			isa = PBXGroup;
			children = (
				8DF021BD2A8F443D00CDB5C6 /* FluentUI.xcodeproj */,
			);
			path = FluentUI;
			sourceTree = "<group>";
		};
		8DF021BE2A8F443D00CDB5C6 /* Products */ = {
			isa = PBXGroup;
			children = (
				8DF021C32A8F443E00CDB5C6 /* FluentUIResources-ios.bundle */,
				8DF021C52A8F443E00CDB5C6 /* libFluentUI.a */,
			);
			name = Products;
			sourceTree = "<group>";
		};
		8DFBD2C129756DD6006B0700 = {
			isa = PBXGroup;
			children = (
				8DF021BC2A8F442800CDB5C6 /* FluentUI */,
				8DFBD34729757A39006B0700 /* AppSettings.xcconfig */,
				8DFBD2CC29756DD6006B0700 /* CitiApps */,
				8DFBD2CB29756DD6006B0700 /* Products */,
				8DFBD30429757296006B0700 /* Frameworks */,
			);
			sourceTree = "<group>";
		};
		8DFBD2CB29756DD6006B0700 /* Products */ = {
			isa = PBXGroup;
			children = (
				8DFBD2CA29756DD6006B0700 /* CitiApps.app */,
			);
			name = Products;
			sourceTree = "<group>";
		};
		8DFBD2CC29756DD6006B0700 /* CitiApps */ = {
			isa = PBXGroup;
			children = (
				8D09549B2A83628200DC6D33 /* Models */,
				8DCFCBAD2A57FDEF00F1D293 /* ViewControllers */,
				8DCFCB9D2A57F9B400F1D293 /* Utils */,
				8DFBD3532976A9E2006B0700 /* ACS */,
				8DA82E99297803F600A79D3B /* SceneDelegate.swift */,
				8DFBD2CD29756DD6006B0700 /* AppDelegate.swift */,
				8DA82E972977FFD000A79D3B /* Main.storyboard */,
				8DFBD2D629756DD8006B0700 /* Assets.xcassets */,
				8DFBD2DB29756DD8006B0700 /* Info.plist */,
				8DE0D53029804FA200201043 /* CitiApps.entitlements */,
			);
			path = CitiApps;
			sourceTree = "<group>";
		};
		8DFBD30429757296006B0700 /* Frameworks */ = {
			isa = PBXGroup;
			children = (
				8DF021C72A8F500700CDB5C6 /* Trouter.xcframework */,
				8DF0219F2A8F43B700CDB5C6 /* AzureCommunicationCalling.xcframework */,
				8DF021A32A8F43B700CDB5C6 /* AzureCommunicationCommon.framework */,
				8DF021A02A8F43B700CDB5C6 /* AzureCommunicationUICalling.framework */,
				8DF021A22A8F43B700CDB5C6 /* AzureCommunicationUIChat.framework */,
				8DF021A52A8F43B700CDB5C6 /* AzureCore.framework */,
				8DF021A12A8F43B700CDB5C6 /* MSAL.xcframework */,
				8DF021A42A8F43B700CDB5C6 /* PIPKit.framework */,
				8DF0219E2A8F43B700CDB5C6 /* WindowsAzureMessaging.framework */,
				8DB11EA72A839F9D00E111CE /* App.xcframework */,
				8DB11EA82A839F9D00E111CE /* Flutter.xcframework */,
			);
			name = Frameworks;
			sourceTree = "<group>";
		};
		8DFBD3532976A9E2006B0700 /* ACS */ = {
			isa = PBXGroup;
			children = (
				8D09549C2A83629800DC6D33 /* AzureChat */,
				8D0954982A82207000DC6D33 /* Utils */,
				8D0954972A821EF000DC6D33 /* AzureCalling */,
				8DCFCB9E2A57F9E700F1D293 /* ACSData */,
			);
			path = ACS;
			sourceTree = "<group>";
		};
/* End PBXGroup section */

/* Begin PBXNativeTarget section */
		8DFBD2C929756DD6006B0700 /* CitiApps */ = {
			isa = PBXNativeTarget;
			buildConfigurationList = 8DFBD2DE29756DD8006B0700 /* Build configuration list for PBXNativeTarget "CitiApps" */;
			buildPhases = (
				8DFBD2C629756DD6006B0700 /* Sources */,
				8DFBD2C729756DD6006B0700 /* Frameworks */,
				8DFBD2C829756DD6006B0700 /* Resources */,
				AEC984292979B3BE0071A49D /* Embed Frameworks */,
			);
			buildRules = (
			);
			dependencies = (
			);
			name = CitiApps;
			packageProductDependencies = (
			);
			productName = CitiApps;
			productReference = 8DFBD2CA29756DD6006B0700 /* CitiApps.app */;
			productType = "com.apple.product-type.application";
		};
/* End PBXNativeTarget section */

/* Begin PBXProject section */
		8DFBD2C229756DD6006B0700 /* Project object */ = {
			isa = PBXProject;
			attributes = {
				BuildIndependentTargetsInParallel = 1;
				LastSwiftUpdateCheck = 1400;
				LastUpgradeCheck = 1400;
				TargetAttributes = {
					8DFBD2C929756DD6006B0700 = {
						CreatedOnToolsVersion = 14.0.1;
					};
				};
			};
			buildConfigurationList = 8DFBD2C529756DD6006B0700 /* Build configuration list for PBXProject "CitiApps" */;
			compatibilityVersion = "Xcode 14.0";
			developmentRegion = en;
			hasScannedForEncodings = 0;
			knownRegions = (
				en,
				Base,
			);
			mainGroup = 8DFBD2C129756DD6006B0700;
			packageReferences = (
			);
			productRefGroup = 8DFBD2CB29756DD6006B0700 /* Products */;
			projectDirPath = "";
			projectReferences = (
				{
					ProductGroup = 8DF021BE2A8F443D00CDB5C6 /* Products */;
					ProjectRef = 8DF021BD2A8F443D00CDB5C6 /* FluentUI.xcodeproj */;
				},
			);
			projectRoot = "";
			targets = (
				8DFBD2C929756DD6006B0700 /* CitiApps */,
			);
		};
/* End PBXProject section */

/* Begin PBXReferenceProxy section */
		8DF021C32A8F443E00CDB5C6 /* FluentUIResources-ios.bundle */ = {
			isa = PBXReferenceProxy;
			fileType = wrapper.cfbundle;
			path = "FluentUIResources-ios.bundle";
			remoteRef = 8DF021C22A8F443E00CDB5C6 /* PBXContainerItemProxy */;
			sourceTree = BUILT_PRODUCTS_DIR;
		};
		8DF021C52A8F443E00CDB5C6 /* libFluentUI.a */ = {
			isa = PBXReferenceProxy;
			fileType = archive.ar;
			path = libFluentUI.a;
			remoteRef = 8DF021C42A8F443E00CDB5C6 /* PBXContainerItemProxy */;
			sourceTree = BUILT_PRODUCTS_DIR;
		};
/* End PBXReferenceProxy section */

/* Begin PBXResourcesBuildPhase section */
		8DFBD2C829756DD6006B0700 /* Resources */ = {
			isa = PBXResourcesBuildPhase;
			buildActionMask = 2147483647;
			files = (
				8DA82E982977FFD000A79D3B /* Main.storyboard in Resources */,
				8DFBD2D729756DD8006B0700 /* Assets.xcassets in Resources */,
			);
			runOnlyForDeploymentPostprocessing = 0;
		};
/* End PBXResourcesBuildPhase section */

/* Begin PBXSourcesBuildPhase section */
		8DFBD2C629756DD6006B0700 /* Sources */ = {
			isa = PBXSourcesBuildPhase;
			buildActionMask = 2147483647;
			files = (
				8DCFCBAF2A58311E00F1D293 /* ScreenSharingController.swift in Sources */,
				8DE0D519297FB44E00201043 /* AppSettings.swift in Sources */,
				8DFBD338297578E6006B0700 /* StartCallViewController.swift in Sources */,
				8DCFCBAA2A57FB4400F1D293 /* HomeViewController.swift in Sources */,
				8DFBD33A297578F0006B0700 /* BusyOverlay.swift in Sources */,
				8D4B4F5329FBC41F00B77B60 /* CallKitHelper.swift in Sources */,
				8DFBD2D229756DD6006B0700 /* ViewController.swift in Sources */,
				8DFBD33E29757913006B0700 /* Data+Extensions.swift in Sources */,
				8DFBD2CE29756DD6006B0700 /* AppDelegate.swift in Sources */,
				8DFBD336297578E0006B0700 /* JoinCallViewController.swift in Sources */,
				8DFBD334297578DA006B0700 /* InviteViewController.swift in Sources */,
				8DFBD34429757924006B0700 /* PaddingContainer.swift in Sources */,
				8DFBD332297578D3006B0700 /* IntroViewController.swift in Sources */,
				8DC727832A52EC8F00D247A7 /* IncomingCallView.swift in Sources */,
				8DCFCBA62A57FB4400F1D293 /* SearchViewController.swift in Sources */,
				8D09549A2A83625B00DC6D33 /* IncomingCallController.swift in Sources */,
				8DCFCBA82A57FB4400F1D293 /* LoginViewModel.swift in Sources */,
				8DFBD3282975788B006B0700 /* TokenService.swift in Sources */,
				8D99CA2E29A63BE900700C78 /* CitiConstants.swift in Sources */,
				8D0A6077298BE4A0002EBBC4 /* UserInfoData.swift in Sources */,
				8D5BCDD729B8A97C0009A8B6 /* AcsUserIdToken.swift in Sources */,
				8DFBD32429757878006B0700 /* AADAuthHandler.swift in Sources */,
				8D99CA2C29A3949300700C78 /* ChatController.swift in Sources */,
				8DFBD3422975791C006B0700 /* LayoutHelpers.swift in Sources */,
				8DFBD32C297578B9006B0700 /* JoinCallConfig.swift in Sources */,
				8D2FD7E1299680D10097B59D /* CircleLoader.swift in Sources */,
				8D4100C02A694752001473F5 /* ContainerHostingController.swift in Sources */,
				8DCFCBA72A57FB4400F1D293 /* ProfileViewController.swift in Sources */,
				8DFBD330297578C8006B0700 /* LinkMetadataManager.swift in Sources */,
				8DFBD34029757918006B0700 /* FluentUiExtensions.swift in Sources */,
				8DFBD34629757929006B0700 /* ThemeColor.swift in Sources */,
				8D0954C32A836A6300DC6D33 /* IncomingCallHandler.swift in Sources */,
				8DFBD33C297578F5006B0700 /* IconTextField.swift in Sources */,
				8DCFCBAC2A57FB6500F1D293 /* DashViewController.swift in Sources */,
				8DFBD32A297578B3006B0700 /* CallingContext.swift in Sources */,
				8DFBD32629757880006B0700 /* UserDetails.swift in Sources */,
				8DFBD32E297578C0006B0700 /* JoinCallType.swift in Sources */,
				8DA82E9A297803F600A79D3B /* SceneDelegate.swift in Sources */,
				8DCFCBA02A57FAF800F1D293 /* DashboardViewController.swift in Sources */,
			);
			runOnlyForDeploymentPostprocessing = 0;
		};
/* End PBXSourcesBuildPhase section */

/* Begin XCBuildConfiguration section */
		8D4B4F5E29FBF5B100B77B60 /* Beta */ = {
			isa = XCBuildConfiguration;
			buildSettings = {
				ALWAYS_SEARCH_USER_PATHS = NO;
				CLANG_ANALYZER_NONNULL = YES;
				CLANG_ANALYZER_NUMBER_OBJECT_CONVERSION = YES_AGGRESSIVE;
				CLANG_CXX_LANGUAGE_STANDARD = "gnu++20";
				CLANG_ENABLE_MODULES = YES;
				CLANG_ENABLE_OBJC_ARC = YES;
				CLANG_ENABLE_OBJC_WEAK = YES;
				CLANG_WARN_BLOCK_CAPTURE_AUTORELEASING = YES;
				CLANG_WARN_BOOL_CONVERSION = YES;
				CLANG_WARN_COMMA = YES;
				CLANG_WARN_CONSTANT_CONVERSION = YES;
				CLANG_WARN_DEPRECATED_OBJC_IMPLEMENTATIONS = YES;
				CLANG_WARN_DIRECT_OBJC_ISA_USAGE = YES_ERROR;
				CLANG_WARN_DOCUMENTATION_COMMENTS = YES;
				CLANG_WARN_EMPTY_BODY = YES;
				CLANG_WARN_ENUM_CONVERSION = YES;
				CLANG_WARN_INFINITE_RECURSION = YES;
				CLANG_WARN_INT_CONVERSION = YES;
				CLANG_WARN_NON_LITERAL_NULL_CONVERSION = YES;
				CLANG_WARN_OBJC_IMPLICIT_RETAIN_SELF = YES;
				CLANG_WARN_OBJC_LITERAL_CONVERSION = YES;
				CLANG_WARN_OBJC_ROOT_CLASS = YES_ERROR;
				CLANG_WARN_QUOTED_INCLUDE_IN_FRAMEWORK_HEADER = YES;
				CLANG_WARN_RANGE_LOOP_ANALYSIS = YES;
				CLANG_WARN_STRICT_PROTOTYPES = YES;
				CLANG_WARN_SUSPICIOUS_MOVE = YES;
				CLANG_WARN_UNGUARDED_AVAILABILITY = YES_AGGRESSIVE;
				CLANG_WARN_UNREACHABLE_CODE = YES;
				CLANG_WARN__DUPLICATE_METHOD_MATCH = YES;
				COPY_PHASE_STRIP = NO;
				DEBUG_INFORMATION_FORMAT = "dwarf-with-dsym";
				ENABLE_NS_ASSERTIONS = NO;
				ENABLE_STRICT_OBJC_MSGSEND = YES;
				GCC_C_LANGUAGE_STANDARD = gnu11;
				GCC_NO_COMMON_BLOCKS = YES;
				GCC_WARN_64_TO_32_BIT_CONVERSION = YES;
				GCC_WARN_ABOUT_RETURN_TYPE = YES_ERROR;
				GCC_WARN_UNDECLARED_SELECTOR = YES;
				GCC_WARN_UNINITIALIZED_AUTOS = YES_AGGRESSIVE;
				GCC_WARN_UNUSED_FUNCTION = YES;
				GCC_WARN_UNUSED_VARIABLE = YES;
				IPHONEOS_DEPLOYMENT_TARGET = 16.0;
				MTL_ENABLE_DEBUG_INFO = NO;
				MTL_FAST_MATH = YES;
				OTHER_SWIFT_FLAGS = "-D BETA";
				SDKROOT = iphoneos;
				SWIFT_COMPILATION_MODE = wholemodule;
				SWIFT_OPTIMIZATION_LEVEL = "-O";
				SWIFT_VERSION = 5.0;
				VALIDATE_PRODUCT = YES;
			};
			name = Beta;
		};
		8D4B4F5F29FBF5B100B77B60 /* Beta */ = {
			isa = XCBuildConfiguration;
			buildSettings = {
				ASSETCATALOG_COMPILER_APPICON_NAME = AppIcon;
				ASSETCATALOG_COMPILER_GLOBAL_ACCENT_COLOR_NAME = AccentColor;
				CODE_SIGN_ENTITLEMENTS = CitiApps/CitiApps.entitlements;
				CODE_SIGN_IDENTITY = "Apple Development";
				"CODE_SIGN_IDENTITY[sdk=iphoneos*]" = "iPhone Distribution";
				CODE_SIGN_STYLE = Manual;
				CURRENT_PROJECT_VERSION = 1;
				DEVELOPMENT_TEAM = "";
				"DEVELOPMENT_TEAM[sdk=iphoneos*]" = R6345GPK28;
				FRAMEWORK_SEARCH_PATHS = (
					"$(inherited)",
					"$(PROJECT_DIR)/SDK",
					"$(PROJECT_DIR)/AzureSDK",
					"$(PROJECT_DIR)/AzureFramework",
				);
				GENERATE_INFOPLIST_FILE = YES;
				INFOPLIST_FILE = CitiApps/Info.plist;
				INFOPLIST_KEY_NSCameraUsageDescription = "Need camera access for uploading images";
				INFOPLIST_KEY_NSLocationAlwaysAndWhenInUseUsageDescription = "This app will use your location to show features near you.";
				INFOPLIST_KEY_NSLocationAlwaysUsageDescription = "This app will use your location to show features near you.";
				INFOPLIST_KEY_NSLocationUsageDescription = "Need location access for updating nearby friends";
				INFOPLIST_KEY_NSLocationWhenInUseUsageDescription = "This app will use your location to show features near you.";
				INFOPLIST_KEY_NSMicrophoneUsageDescription = "Need microphone access for uploading audio";
				INFOPLIST_KEY_NSPhotoLibraryUsageDescription = "Need photo library access for saving and uploading images";
				INFOPLIST_KEY_UIApplicationSupportsIndirectInputEvents = YES;
				INFOPLIST_KEY_UILaunchStoryboardName = LaunchScreen;
				INFOPLIST_KEY_UIMainStoryboardFile = Main;
				INFOPLIST_KEY_UISupportedInterfaceOrientations = UIInterfaceOrientationPortrait;
				INFOPLIST_KEY_UISupportedInterfaceOrientations_iPad = "UIInterfaceOrientationLandscapeLeft UIInterfaceOrientationLandscapeRight UIInterfaceOrientationPortrait UIInterfaceOrientationPortraitUpsideDown";
				IPHONEOS_DEPLOYMENT_TARGET = 15.0;
				LD_RUNPATH_SEARCH_PATHS = (
					"$(inherited)",
					"@executable_path/Frameworks",
				);
				MARKETING_VERSION = 1.0;
				ONLY_ACTIVE_ARCH = YES;
				PRODUCT_BUNDLE_IDENTIFIER = com.maveric.citiacsdemo;
				PRODUCT_NAME = "$(TARGET_NAME)";
				PROVISIONING_PROFILE_SPECIFIER = "";
				"PROVISIONING_PROFILE_SPECIFIER[sdk=iphoneos*]" = CitiAdhocACS;
				SUPPORTED_PLATFORMS = "iphoneos iphonesimulator";
				SUPPORTS_MACCATALYST = NO;
				SUPPORTS_MAC_DESIGNED_FOR_IPHONE_IPAD = NO;
				SWIFT_EMIT_LOC_STRINGS = YES;
				SWIFT_VERSION = 5.0;
				TARGETED_DEVICE_FAMILY = 1;
			};
			name = Beta;
		};
		8DFBD2DC29756DD8006B0700 /* Debug */ = {
			isa = XCBuildConfiguration;
			buildSettings = {
				ALWAYS_SEARCH_USER_PATHS = NO;
				CLANG_ANALYZER_NONNULL = YES;
				CLANG_ANALYZER_NUMBER_OBJECT_CONVERSION = YES_AGGRESSIVE;
				CLANG_CXX_LANGUAGE_STANDARD = "gnu++20";
				CLANG_ENABLE_MODULES = YES;
				CLANG_ENABLE_OBJC_ARC = YES;
				CLANG_ENABLE_OBJC_WEAK = YES;
				CLANG_WARN_BLOCK_CAPTURE_AUTORELEASING = YES;
				CLANG_WARN_BOOL_CONVERSION = YES;
				CLANG_WARN_COMMA = YES;
				CLANG_WARN_CONSTANT_CONVERSION = YES;
				CLANG_WARN_DEPRECATED_OBJC_IMPLEMENTATIONS = YES;
				CLANG_WARN_DIRECT_OBJC_ISA_USAGE = YES_ERROR;
				CLANG_WARN_DOCUMENTATION_COMMENTS = YES;
				CLANG_WARN_EMPTY_BODY = YES;
				CLANG_WARN_ENUM_CONVERSION = YES;
				CLANG_WARN_INFINITE_RECURSION = YES;
				CLANG_WARN_INT_CONVERSION = YES;
				CLANG_WARN_NON_LITERAL_NULL_CONVERSION = YES;
				CLANG_WARN_OBJC_IMPLICIT_RETAIN_SELF = YES;
				CLANG_WARN_OBJC_LITERAL_CONVERSION = YES;
				CLANG_WARN_OBJC_ROOT_CLASS = YES_ERROR;
				CLANG_WARN_QUOTED_INCLUDE_IN_FRAMEWORK_HEADER = YES;
				CLANG_WARN_RANGE_LOOP_ANALYSIS = YES;
				CLANG_WARN_STRICT_PROTOTYPES = YES;
				CLANG_WARN_SUSPICIOUS_MOVE = YES;
				CLANG_WARN_UNGUARDED_AVAILABILITY = YES_AGGRESSIVE;
				CLANG_WARN_UNREACHABLE_CODE = YES;
				CLANG_WARN__DUPLICATE_METHOD_MATCH = YES;
				COPY_PHASE_STRIP = NO;
				DEBUG_INFORMATION_FORMAT = dwarf;
				ENABLE_STRICT_OBJC_MSGSEND = YES;
				ENABLE_TESTABILITY = YES;
				GCC_C_LANGUAGE_STANDARD = gnu11;
				GCC_DYNAMIC_NO_PIC = NO;
				GCC_NO_COMMON_BLOCKS = YES;
				GCC_OPTIMIZATION_LEVEL = 0;
				GCC_PREPROCESSOR_DEFINITIONS = (
					"DEBUG=1",
					"$(inherited)",
				);
				GCC_WARN_64_TO_32_BIT_CONVERSION = YES;
				GCC_WARN_ABOUT_RETURN_TYPE = YES_ERROR;
				GCC_WARN_UNDECLARED_SELECTOR = YES;
				GCC_WARN_UNINITIALIZED_AUTOS = YES_AGGRESSIVE;
				GCC_WARN_UNUSED_FUNCTION = YES;
				GCC_WARN_UNUSED_VARIABLE = YES;
				IPHONEOS_DEPLOYMENT_TARGET = 16.0;
				MTL_ENABLE_DEBUG_INFO = INCLUDE_SOURCE;
				MTL_FAST_MATH = YES;
				ONLY_ACTIVE_ARCH = YES;
				OTHER_SWIFT_FLAGS = "-D BETA";
				SDKROOT = iphoneos;
				SWIFT_ACTIVE_COMPILATION_CONDITIONS = DEBUG;
				SWIFT_OPTIMIZATION_LEVEL = "-Onone";
				SWIFT_VERSION = 5.0;
			};
			name = Debug;
		};
		8DFBD2DD29756DD8006B0700 /* Release */ = {
			isa = XCBuildConfiguration;
			buildSettings = {
				ALWAYS_SEARCH_USER_PATHS = NO;
				CLANG_ANALYZER_NONNULL = YES;
				CLANG_ANALYZER_NUMBER_OBJECT_CONVERSION = YES_AGGRESSIVE;
				CLANG_CXX_LANGUAGE_STANDARD = "gnu++20";
				CLANG_ENABLE_MODULES = YES;
				CLANG_ENABLE_OBJC_ARC = YES;
				CLANG_ENABLE_OBJC_WEAK = YES;
				CLANG_WARN_BLOCK_CAPTURE_AUTORELEASING = YES;
				CLANG_WARN_BOOL_CONVERSION = YES;
				CLANG_WARN_COMMA = YES;
				CLANG_WARN_CONSTANT_CONVERSION = YES;
				CLANG_WARN_DEPRECATED_OBJC_IMPLEMENTATIONS = YES;
				CLANG_WARN_DIRECT_OBJC_ISA_USAGE = YES_ERROR;
				CLANG_WARN_DOCUMENTATION_COMMENTS = YES;
				CLANG_WARN_EMPTY_BODY = YES;
				CLANG_WARN_ENUM_CONVERSION = YES;
				CLANG_WARN_INFINITE_RECURSION = YES;
				CLANG_WARN_INT_CONVERSION = YES;
				CLANG_WARN_NON_LITERAL_NULL_CONVERSION = YES;
				CLANG_WARN_OBJC_IMPLICIT_RETAIN_SELF = YES;
				CLANG_WARN_OBJC_LITERAL_CONVERSION = YES;
				CLANG_WARN_OBJC_ROOT_CLASS = YES_ERROR;
				CLANG_WARN_QUOTED_INCLUDE_IN_FRAMEWORK_HEADER = YES;
				CLANG_WARN_RANGE_LOOP_ANALYSIS = YES;
				CLANG_WARN_STRICT_PROTOTYPES = YES;
				CLANG_WARN_SUSPICIOUS_MOVE = YES;
				CLANG_WARN_UNGUARDED_AVAILABILITY = YES_AGGRESSIVE;
				CLANG_WARN_UNREACHABLE_CODE = YES;
				CLANG_WARN__DUPLICATE_METHOD_MATCH = YES;
				COPY_PHASE_STRIP = NO;
				DEBUG_INFORMATION_FORMAT = "dwarf-with-dsym";
				ENABLE_NS_ASSERTIONS = NO;
				ENABLE_STRICT_OBJC_MSGSEND = YES;
				GCC_C_LANGUAGE_STANDARD = gnu11;
				GCC_NO_COMMON_BLOCKS = YES;
				GCC_WARN_64_TO_32_BIT_CONVERSION = YES;
				GCC_WARN_ABOUT_RETURN_TYPE = YES_ERROR;
				GCC_WARN_UNDECLARED_SELECTOR = YES;
				GCC_WARN_UNINITIALIZED_AUTOS = YES_AGGRESSIVE;
				GCC_WARN_UNUSED_FUNCTION = YES;
				GCC_WARN_UNUSED_VARIABLE = YES;
				IPHONEOS_DEPLOYMENT_TARGET = 16.0;
				MTL_ENABLE_DEBUG_INFO = NO;
				MTL_FAST_MATH = YES;
				OTHER_SWIFT_FLAGS = "-D BETA";
				SDKROOT = iphoneos;
				SWIFT_COMPILATION_MODE = wholemodule;
				SWIFT_OPTIMIZATION_LEVEL = "-O";
				SWIFT_VERSION = 5.0;
				VALIDATE_PRODUCT = YES;
			};
			name = Release;
		};
		8DFBD2DF29756DD8006B0700 /* Debug */ = {
			isa = XCBuildConfiguration;
			buildSettings = {
				ASSETCATALOG_COMPILER_APPICON_NAME = AppIcon;
				ASSETCATALOG_COMPILER_GLOBAL_ACCENT_COLOR_NAME = AccentColor;
				CODE_SIGN_ENTITLEMENTS = CitiApps/CitiApps.entitlements;
				CODE_SIGN_IDENTITY = "Apple Development";
				"CODE_SIGN_IDENTITY[sdk=iphoneos*]" = "iPhone Distribution";
				CODE_SIGN_STYLE = Manual;
				CURRENT_PROJECT_VERSION = 1;
				DEVELOPMENT_TEAM = "";
				"DEVELOPMENT_TEAM[sdk=iphoneos*]" = R6345GPK28;
				FRAMEWORK_SEARCH_PATHS = (
					"$(inherited)",
					"$(PROJECT_DIR)/SDK",
					"$(PROJECT_DIR)/AzureSDK",
					"$(PROJECT_DIR)/AzureFramework",
				);
				GENERATE_INFOPLIST_FILE = YES;
				INFOPLIST_FILE = CitiApps/Info.plist;
				INFOPLIST_KEY_NSCameraUsageDescription = "Need camera access for uploading images";
				INFOPLIST_KEY_NSLocationAlwaysAndWhenInUseUsageDescription = "This app will use your location to show features near you.";
				INFOPLIST_KEY_NSLocationAlwaysUsageDescription = "This app will use your location to show features near you.";
				INFOPLIST_KEY_NSLocationUsageDescription = "Need location access for updating nearby friends";
				INFOPLIST_KEY_NSLocationWhenInUseUsageDescription = "This app will use your location to show features near you.";
				INFOPLIST_KEY_NSMicrophoneUsageDescription = "Need microphone access for uploading audio";
				INFOPLIST_KEY_NSPhotoLibraryUsageDescription = "Need photo library access for saving and uploading images";
				INFOPLIST_KEY_UIApplicationSupportsIndirectInputEvents = YES;
				INFOPLIST_KEY_UILaunchStoryboardName = LaunchScreen;
				INFOPLIST_KEY_UIMainStoryboardFile = Main;
				INFOPLIST_KEY_UISupportedInterfaceOrientations = UIInterfaceOrientationPortrait;
				INFOPLIST_KEY_UISupportedInterfaceOrientations_iPad = "UIInterfaceOrientationLandscapeLeft UIInterfaceOrientationLandscapeRight UIInterfaceOrientationPortrait UIInterfaceOrientationPortraitUpsideDown";
				IPHONEOS_DEPLOYMENT_TARGET = 15.0;
				LD_RUNPATH_SEARCH_PATHS = (
					"$(inherited)",
					"@executable_path/Frameworks",
				);
				MARKETING_VERSION = 1.0;
				PRODUCT_BUNDLE_IDENTIFIER = com.maveric.citiacsdemo;
				PRODUCT_NAME = "$(TARGET_NAME)";
				PROVISIONING_PROFILE_SPECIFIER = "";
				"PROVISIONING_PROFILE_SPECIFIER[sdk=iphoneos*]" = CitiAdhocACS;
				SUPPORTED_PLATFORMS = "iphoneos iphonesimulator";
				SUPPORTS_MACCATALYST = NO;
				SUPPORTS_MAC_DESIGNED_FOR_IPHONE_IPAD = NO;
				SWIFT_EMIT_LOC_STRINGS = YES;
				SWIFT_VERSION = 5.0;
				TARGETED_DEVICE_FAMILY = 1;
			};
			name = Debug;
		};
		8DFBD2E029756DD8006B0700 /* Release */ = {
			isa = XCBuildConfiguration;
			buildSettings = {
				ASSETCATALOG_COMPILER_APPICON_NAME = AppIcon;
				ASSETCATALOG_COMPILER_GLOBAL_ACCENT_COLOR_NAME = AccentColor;
				CODE_SIGN_ENTITLEMENTS = CitiApps/CitiApps.entitlements;
				CODE_SIGN_IDENTITY = "Apple Development";
				"CODE_SIGN_IDENTITY[sdk=iphoneos*]" = "iPhone Distribution";
				CODE_SIGN_STYLE = Manual;
				CURRENT_PROJECT_VERSION = 1;
				DEVELOPMENT_TEAM = "";
				"DEVELOPMENT_TEAM[sdk=iphoneos*]" = R6345GPK28;
				FRAMEWORK_SEARCH_PATHS = (
					"$(inherited)",
					"$(PROJECT_DIR)/SDK",
					"$(PROJECT_DIR)/AzureSDK",
					"$(PROJECT_DIR)/AzureFramework",
				);
				GENERATE_INFOPLIST_FILE = YES;
				INFOPLIST_FILE = CitiApps/Info.plist;
				INFOPLIST_KEY_NSCameraUsageDescription = "Need camera access for uploading images";
				INFOPLIST_KEY_NSLocationAlwaysAndWhenInUseUsageDescription = "This app will use your location to show features near you.";
				INFOPLIST_KEY_NSLocationAlwaysUsageDescription = "This app will use your location to show features near you.";
				INFOPLIST_KEY_NSLocationUsageDescription = "Need location access for updating nearby friends";
				INFOPLIST_KEY_NSLocationWhenInUseUsageDescription = "This app will use your location to show features near you.";
				INFOPLIST_KEY_NSMicrophoneUsageDescription = "Need microphone access for uploading audio";
				INFOPLIST_KEY_NSPhotoLibraryUsageDescription = "Need photo library access for saving and uploading images";
				INFOPLIST_KEY_UIApplicationSupportsIndirectInputEvents = YES;
				INFOPLIST_KEY_UILaunchStoryboardName = LaunchScreen;
				INFOPLIST_KEY_UIMainStoryboardFile = Main;
				INFOPLIST_KEY_UISupportedInterfaceOrientations = UIInterfaceOrientationPortrait;
				INFOPLIST_KEY_UISupportedInterfaceOrientations_iPad = "UIInterfaceOrientationLandscapeLeft UIInterfaceOrientationLandscapeRight UIInterfaceOrientationPortrait UIInterfaceOrientationPortraitUpsideDown";
				IPHONEOS_DEPLOYMENT_TARGET = 15.0;
				LD_RUNPATH_SEARCH_PATHS = (
					"$(inherited)",
					"@executable_path/Frameworks",
				);
				MARKETING_VERSION = 1.0;
				ONLY_ACTIVE_ARCH = YES;
				PRODUCT_BUNDLE_IDENTIFIER = com.maveric.citiacsdemo;
				PRODUCT_NAME = "$(TARGET_NAME)";
				PROVISIONING_PROFILE_SPECIFIER = "";
				"PROVISIONING_PROFILE_SPECIFIER[sdk=iphoneos*]" = CitiAdhocACS;
				SUPPORTED_PLATFORMS = "iphoneos iphonesimulator";
				SUPPORTS_MACCATALYST = NO;
				SUPPORTS_MAC_DESIGNED_FOR_IPHONE_IPAD = NO;
				SWIFT_EMIT_LOC_STRINGS = YES;
				SWIFT_VERSION = 5.0;
				TARGETED_DEVICE_FAMILY = 1;
			};
			name = Release;
		};
/* End XCBuildConfiguration section */

/* Begin XCConfigurationList section */
		8DFBD2C529756DD6006B0700 /* Build configuration list for PBXProject "CitiApps" */ = {
			isa = XCConfigurationList;
			buildConfigurations = (
				8DFBD2DC29756DD8006B0700 /* Debug */,
				8DFBD2DD29756DD8006B0700 /* Release */,
				8D4B4F5E29FBF5B100B77B60 /* Beta */,
			);
			defaultConfigurationIsVisible = 0;
			defaultConfigurationName = Release;
		};
		8DFBD2DE29756DD8006B0700 /* Build configuration list for PBXNativeTarget "CitiApps" */ = {
			isa = XCConfigurationList;
			buildConfigurations = (
				8DFBD2DF29756DD8006B0700 /* Debug */,
				8DFBD2E029756DD8006B0700 /* Release */,
				8D4B4F5F29FBF5B100B77B60 /* Beta */,
			);
			defaultConfigurationIsVisible = 0;
			defaultConfigurationName = Release;
		};
/* End XCConfigurationList section */
	};
	rootObject = 8DFBD2C229756DD6006B0700 /* Project object */;
}
